
Microsoft Visual Studio Solution File, Format Version 12.00
# Visual Studio Version 17
VisualStudioVersion = 17.9.34902.65
MinimumVisualStudioVersion = 10.0.40219.1
Project("{FAE04EC0-301F-11D3-BF4B-00C04F79EFBC}") = "BlazorBolos", "BlazorBolos\BlazorBolos.csproj", "{D21EB3A3-B9CD-44F9-AC82-FCDB7538F3A7}"
EndProject
Global
	GlobalSection(SolutionConfigurationPlatforms) = preSolution
		Debug|Any CPU = Debug|Any CPU
		Release|Any CPU = Release|Any CPU
	EndGlobalSection
	GlobalSection(ProjectConfigurationPlatforms) = postSolution
		{D21EB3A3-B9CD-44F9-AC82-FCDB7538F3A7}.Debug|Any CPU.ActiveCfg = Debug|Any CPU
		{D21EB3A3-B9CD-44F9-AC82-FCDB7538F3A7}.Debug|Any CPU.Build.0 = Debug|Any CPU
		{D21EB3A3-B9CD-44F9-AC82-FCDB7538F3A7}.Release|Any CPU.ActiveCfg = Release|Any CPU
		{D21EB3A3-B9CD-44F9-AC82-FCDB7538F3A7}.Release|Any CPU.Build.0 = Release|Any CPU
	EndGlobalSection
	GlobalSection(SolutionProperties) = preSolution
		HideSolutionNode = FALSE
	EndGlobalSection
	GlobalSection(ExtensibilityGlobals) = postSolution
		SolutionGuid = {C3D2B437-40E9-4AA2-94D4-7DD1FA12D803}
	EndGlobalSection
EndGlobal
